// !$*UTF8*$!
{
	archiveVersion = 1;
	classes = {
	};
	objectVersion = 46;
	objects = {

/* Begin PBXBuildFile section */
		04343C031E5EBDB500417C91 /* RegisterViewController.swift in Sources */ = {isa = PBXBuildFile; fileRef = 04343C021E5EBDB500417C91 /* RegisterViewController.swift */; };
		04343C051E5EBDC800417C91 /* HomeViewController.swift in Sources */ = {isa = PBXBuildFile; fileRef = 04343C041E5EBDC800417C91 /* HomeViewController.swift */; };
		044B713B1E81618200613ECA /* WalletSetupViewController.swift in Sources */ = {isa = PBXBuildFile; fileRef = 044B713A1E81618200613ECA /* WalletSetupViewController.swift */; };
		044B713F1E81764200613ECA /* WalletsCollectionViewCell.swift in Sources */ = {isa = PBXBuildFile; fileRef = 044B713E1E81764200613ECA /* WalletsCollectionViewCell.swift */; };
		044B71411E81889A00613ECA /* TimelineViewController.swift in Sources */ = {isa = PBXBuildFile; fileRef = 044B71401E81889A00613ECA /* TimelineViewController.swift */; };
		044B71431E8188D600613ECA /* TimelineTableViewCell.swift in Sources */ = {isa = PBXBuildFile; fileRef = 044B71421E8188D600613ECA /* TimelineTableViewCell.swift */; };
		046DCDAC1E8AA1DF00A3BC15 /* (null) in Sources */ = {isa = PBXBuildFile; };
		04845D271E93C77000BDA0FC /* TasksListViewController.swift in Sources */ = {isa = PBXBuildFile; fileRef = 04845D261E93C77000BDA0FC /* TasksListViewController.swift */; };
		04845D291E93C79C00BDA0FC /* TaskTableViewCell.swift in Sources */ = {isa = PBXBuildFile; fileRef = 04845D281E93C79C00BDA0FC /* TaskTableViewCell.swift */; };
		049908FC1E7FE610008238F4 /* HuzaifaStroyboard.storyboard in Resources */ = {isa = PBXBuildFile; fileRef = 049908FB1E7FE610008238F4 /* HuzaifaStroyboard.storyboard */; };
		04B093961E827F81003E26DE /* DefaultTableViewCell.swift in Sources */ = {isa = PBXBuildFile; fileRef = 04B093951E827F81003E26DE /* DefaultTableViewCell.swift */; };
		04B093981E827FFE003E26DE /* CategoryTableViewCell.swift in Sources */ = {isa = PBXBuildFile; fileRef = 04B093971E827FFE003E26DE /* CategoryTableViewCell.swift */; };
		04B0939A1E82801D003E26DE /* CommentsTableViewCell.swift in Sources */ = {isa = PBXBuildFile; fileRef = 04B093991E82801D003E26DE /* CommentsTableViewCell.swift */; };
		04B0939C1E82803C003E26DE /* AddTransactionViewController.swift in Sources */ = {isa = PBXBuildFile; fileRef = 04B0939B1E82803C003E26DE /* AddTransactionViewController.swift */; };
		04C2BD5B1E9247BF0064AADB /* AddTaskViewController.swift in Sources */ = {isa = PBXBuildFile; fileRef = 04C2BD511E9247BF0064AADB /* AddTaskViewController.swift */; };
		04C2BD5F1E9247BF0064AADB /* TaskMembersCollectionViewCell.swift in Sources */ = {isa = PBXBuildFile; fileRef = 04C2BD551E9247BF0064AADB /* TaskMembersCollectionViewCell.swift */; };
		04C2BD611E9247BF0064AADB /* (null) in Sources */ = {isa = PBXBuildFile; };
		04C2BD631E9247BF0064AADB /* (null) in Sources */ = {isa = PBXBuildFile; };
		04C2BD661E924B780064AADB /* TaskTitleTableViewCell.swift in Sources */ = {isa = PBXBuildFile; fileRef = 04C2BD651E924B780064AADB /* TaskTitleTableViewCell.swift */; };
		04C2BD681E924B850064AADB /* AssignToTableViewCell.swift in Sources */ = {isa = PBXBuildFile; fileRef = 04C2BD671E924B850064AADB /* AssignToTableViewCell.swift */; };
		04C2BD6A1E924BD80064AADB /* DeleteTableViewCell.swift in Sources */ = {isa = PBXBuildFile; fileRef = 04C2BD691E924BD80064AADB /* DeleteTableViewCell.swift */; };
		04C2BD6C1E924BF20064AADB /* TransactionByTableViewCell.swift in Sources */ = {isa = PBXBuildFile; fileRef = 04C2BD6B1E924BF20064AADB /* TransactionByTableViewCell.swift */; };
		04C2BD6E1E924C0A0064AADB /* CategorySelectionCollectionViewCell.swift in Sources */ = {isa = PBXBuildFile; fileRef = 04C2BD6D1E924C0A0064AADB /* CategorySelectionCollectionViewCell.swift */; };
		543F485DAE600F08C8532E77 /* Pods_FamilyBudgetApp.framework in Frameworks */ = {isa = PBXBuildFile; fileRef = 9318B11D07A064C5C75FCD97 /* Pods_FamilyBudgetApp.framework */; };
		7706A6C81E8717D80074CD60 /* iconFont.ttf in Resources */ = {isa = PBXBuildFile; fileRef = 7706A6C51E8717D80074CD60 /* iconFont.ttf */; };
		7706A6C91E8717D80074CD60 /* untitled-font-18.ttf in Resources */ = {isa = PBXBuildFile; fileRef = 7706A6C61E8717D80074CD60 /* untitled-font-18.ttf */; };
		7706A6CA1E8717D80074CD60 /* untitled-font-25.ttf in Resources */ = {isa = PBXBuildFile; fileRef = 7706A6C71E8717D80074CD60 /* untitled-font-25.ttf */; };
		770B9DEA1E5C687A005BCE46 /* GoogleService-Info.plist in Resources */ = {isa = PBXBuildFile; fileRef = 770B9DE91E5C687A005BCE46 /* GoogleService-Info.plist */; };
		773CC7031E92CD3F0046E90F /* UserSearchResultTableViewCell.swift in Sources */ = {isa = PBXBuildFile; fileRef = 773CC7021E92CD3F0046E90F /* UserSearchResultTableViewCell.swift */; };
		773CC7051E92F9F60046E90F /* MembersCollectionViewCell.swift in Sources */ = {isa = PBXBuildFile; fileRef = 773CC7041E92F9F60046E90F /* MembersCollectionViewCell.swift */; };
		7742C7B61E57231C006A25AF /* AppDelegate.swift in Sources */ = {isa = PBXBuildFile; fileRef = 7742C7B51E57231C006A25AF /* AppDelegate.swift */; };
		7742C7B81E57231C006A25AF /* ViewController.swift in Sources */ = {isa = PBXBuildFile; fileRef = 7742C7B71E57231C006A25AF /* ViewController.swift */; };
		7742C7BB1E57231C006A25AF /* Main.storyboard in Resources */ = {isa = PBXBuildFile; fileRef = 7742C7B91E57231C006A25AF /* Main.storyboard */; };
		7742C7BD1E57231C006A25AF /* Assets.xcassets in Resources */ = {isa = PBXBuildFile; fileRef = 7742C7BC1E57231C006A25AF /* Assets.xcassets */; };
		7742C7C01E57231C006A25AF /* LaunchScreen.storyboard in Resources */ = {isa = PBXBuildFile; fileRef = 7742C7BE1E57231C006A25AF /* LaunchScreen.storyboard */; };
		774B0FDF1E8D2EBE00417457 /* Tutorials.storyboard in Resources */ = {isa = PBXBuildFile; fileRef = 774B0FDE1E8D2EBE00417457 /* Tutorials.storyboard */; };
		774B0FE11E8D30E000417457 /* TutorialViewController.swift in Sources */ = {isa = PBXBuildFile; fileRef = 774B0FE01E8D30E000417457 /* TutorialViewController.swift */; };
		774DFABF1E8FA3070067010A /* DefaultCollectionViewCell.swift in Sources */ = {isa = PBXBuildFile; fileRef = 774DFABE1E8FA3070067010A /* DefaultCollectionViewCell.swift */; };
		774F71621E8A225500E1BCDC /* AddwalletViewController.swift in Sources */ = {isa = PBXBuildFile; fileRef = 774F715E1E8A225500E1BCDC /* AddwalletViewController.swift */; };
		775C2A101E5B11AD00E409B6 /* Auth.swift in Sources */ = {isa = PBXBuildFile; fileRef = 775C29FB1E5B11AD00E409B6 /* Auth.swift */; };
		775C2A111E5B11AD00E409B6 /* Budget.swift in Sources */ = {isa = PBXBuildFile; fileRef = 775C29FC1E5B11AD00E409B6 /* Budget.swift */; };
		775C2A121E5B11AD00E409B6 /* BudgetManager.swift in Sources */ = {isa = PBXBuildFile; fileRef = 775C29FD1E5B11AD00E409B6 /* BudgetManager.swift */; };
		775C2A131E5B11AD00E409B6 /* BudgetObserver.swift in Sources */ = {isa = PBXBuildFile; fileRef = 775C29FE1E5B11AD00E409B6 /* BudgetObserver.swift */; };
		775C2A141E5B11AD00E409B6 /* Delegate.swift in Sources */ = {isa = PBXBuildFile; fileRef = 775C29FF1E5B11AD00E409B6 /* Delegate.swift */; };
		775C2A151E5B11AD00E409B6 /* Notification.swift in Sources */ = {isa = PBXBuildFile; fileRef = 775C2A001E5B11AD00E409B6 /* Notification.swift */; };
		775C2A161E5B11AD00E409B6 /* NotificationManager.swift in Sources */ = {isa = PBXBuildFile; fileRef = 775C2A011E5B11AD00E409B6 /* NotificationManager.swift */; };
		775C2A171E5B11AD00E409B6 /* NotificationObserver.swift in Sources */ = {isa = PBXBuildFile; fileRef = 775C2A021E5B11AD00E409B6 /* NotificationObserver.swift */; };
		775C2A181E5B11AD00E409B6 /* Resource.swift in Sources */ = {isa = PBXBuildFile; fileRef = 775C2A031E5B11AD00E409B6 /* Resource.swift */; };
		775C2A191E5B11AD00E409B6 /* Task.swift in Sources */ = {isa = PBXBuildFile; fileRef = 775C2A041E5B11AD00E409B6 /* Task.swift */; };
		775C2A1A1E5B11AD00E409B6 /* TaskManager.swift in Sources */ = {isa = PBXBuildFile; fileRef = 775C2A051E5B11AD00E409B6 /* TaskManager.swift */; };
		775C2A1B1E5B11AD00E409B6 /* TaskObserver.swift in Sources */ = {isa = PBXBuildFile; fileRef = 775C2A061E5B11AD00E409B6 /* TaskObserver.swift */; };
		775C2A1C1E5B11AD00E409B6 /* Transaction.swift in Sources */ = {isa = PBXBuildFile; fileRef = 775C2A071E5B11AD00E409B6 /* Transaction.swift */; };
		775C2A1D1E5B11AD00E409B6 /* TransactionManager.swift in Sources */ = {isa = PBXBuildFile; fileRef = 775C2A081E5B11AD00E409B6 /* TransactionManager.swift */; };
		775C2A1E1E5B11AD00E409B6 /* TransactionObserver.swift in Sources */ = {isa = PBXBuildFile; fileRef = 775C2A091E5B11AD00E409B6 /* TransactionObserver.swift */; };
		775C2A1F1E5B11AD00E409B6 /* User.swift in Sources */ = {isa = PBXBuildFile; fileRef = 775C2A0A1E5B11AD00E409B6 /* User.swift */; };
		775C2A201E5B11AD00E409B6 /* UserManager.swift in Sources */ = {isa = PBXBuildFile; fileRef = 775C2A0B1E5B11AD00E409B6 /* UserManager.swift */; };
		775C2A211E5B11AD00E409B6 /* UserObserver.swift in Sources */ = {isa = PBXBuildFile; fileRef = 775C2A0C1E5B11AD00E409B6 /* UserObserver.swift */; };
		775C2A221E5B11AD00E409B6 /* Wallet.swift in Sources */ = {isa = PBXBuildFile; fileRef = 775C2A0D1E5B11AD00E409B6 /* Wallet.swift */; };
		775C2A231E5B11AD00E409B6 /* WalletManager.swift in Sources */ = {isa = PBXBuildFile; fileRef = 775C2A0E1E5B11AD00E409B6 /* WalletManager.swift */; };
		775C2A241E5B11AD00E409B6 /* WalletObserver.swift in Sources */ = {isa = PBXBuildFile; fileRef = 775C2A0F1E5B11AD00E409B6 /* WalletObserver.swift */; };
		775C2A261E5B173300E409B6 /* Assets.swift in Sources */ = {isa = PBXBuildFile; fileRef = 775C2A251E5B173300E409B6 /* Assets.swift */; };
		775C2A281E5B37BB00E409B6 /* HelperObserver.swift in Sources */ = {isa = PBXBuildFile; fileRef = 775C2A271E5B37BB00E409B6 /* HelperObserver.swift */; };
		777D02991E8A860000C682F2 /* WalletTableViewCell.swift in Sources */ = {isa = PBXBuildFile; fileRef = 777D02981E8A860000C682F2 /* WalletTableViewCell.swift */; };
		82FD07851EBF98F4004B907B /* Zeeshan.storyboard in Resources */ = {isa = PBXBuildFile; fileRef = 82FD07871EBF98F4004B907B /* Zeeshan.storyboard */; };
		82FE7A9C1EBF28480055EEC1 /* ChatViewController.swift in Sources */ = {isa = PBXBuildFile; fileRef = 82FE7A9B1EBF28480055EEC1 /* ChatViewController.swift */; };
/* End PBXBuildFile section */

/* Begin PBXFileReference section */
		04343C021E5EBDB500417C91 /* RegisterViewController.swift */ = {isa = PBXFileReference; fileEncoding = 4; lastKnownFileType = sourcecode.swift; path = RegisterViewController.swift; sourceTree = "<group>"; };
		04343C041E5EBDC800417C91 /* HomeViewController.swift */ = {isa = PBXFileReference; fileEncoding = 4; lastKnownFileType = sourcecode.swift; path = HomeViewController.swift; sourceTree = "<group>"; };
		044B713A1E81618200613ECA /* WalletSetupViewController.swift */ = {isa = PBXFileReference; fileEncoding = 4; lastKnownFileType = sourcecode.swift; path = WalletSetupViewController.swift; sourceTree = "<group>"; };
		044B713E1E81764200613ECA /* WalletsCollectionViewCell.swift */ = {isa = PBXFileReference; fileEncoding = 4; lastKnownFileType = sourcecode.swift; path = WalletsCollectionViewCell.swift; sourceTree = "<group>"; };
		044B71401E81889A00613ECA /* TimelineViewController.swift */ = {isa = PBXFileReference; fileEncoding = 4; lastKnownFileType = sourcecode.swift; path = TimelineViewController.swift; sourceTree = "<group>"; };
		044B71421E8188D600613ECA /* TimelineTableViewCell.swift */ = {isa = PBXFileReference; fileEncoding = 4; lastKnownFileType = sourcecode.swift; path = TimelineTableViewCell.swift; sourceTree = "<group>"; };
		04845D261E93C77000BDA0FC /* TasksListViewController.swift */ = {isa = PBXFileReference; fileEncoding = 4; lastKnownFileType = sourcecode.swift; path = TasksListViewController.swift; sourceTree = "<group>"; };
		04845D281E93C79C00BDA0FC /* TaskTableViewCell.swift */ = {isa = PBXFileReference; fileEncoding = 4; lastKnownFileType = sourcecode.swift; path = TaskTableViewCell.swift; sourceTree = "<group>"; };
		049908FB1E7FE610008238F4 /* HuzaifaStroyboard.storyboard */ = {isa = PBXFileReference; fileEncoding = 4; lastKnownFileType = file.storyboard; path = HuzaifaStroyboard.storyboard; sourceTree = "<group>"; };
		04B093951E827F81003E26DE /* DefaultTableViewCell.swift */ = {isa = PBXFileReference; fileEncoding = 4; lastKnownFileType = sourcecode.swift; path = DefaultTableViewCell.swift; sourceTree = "<group>"; };
		04B093971E827FFE003E26DE /* CategoryTableViewCell.swift */ = {isa = PBXFileReference; fileEncoding = 4; lastKnownFileType = sourcecode.swift; path = CategoryTableViewCell.swift; sourceTree = "<group>"; };
		04B093991E82801D003E26DE /* CommentsTableViewCell.swift */ = {isa = PBXFileReference; fileEncoding = 4; lastKnownFileType = sourcecode.swift; path = CommentsTableViewCell.swift; sourceTree = "<group>"; };
		04B0939B1E82803C003E26DE /* AddTransactionViewController.swift */ = {isa = PBXFileReference; fileEncoding = 4; lastKnownFileType = sourcecode.swift; path = AddTransactionViewController.swift; sourceTree = "<group>"; };
		04C2BD511E9247BF0064AADB /* AddTaskViewController.swift */ = {isa = PBXFileReference; fileEncoding = 4; lastKnownFileType = sourcecode.swift; path = AddTaskViewController.swift; sourceTree = "<group>"; };
		04C2BD551E9247BF0064AADB /* TaskMembersCollectionViewCell.swift */ = {isa = PBXFileReference; fileEncoding = 4; lastKnownFileType = sourcecode.swift; path = TaskMembersCollectionViewCell.swift; sourceTree = "<group>"; };
		04C2BD651E924B780064AADB /* TaskTitleTableViewCell.swift */ = {isa = PBXFileReference; fileEncoding = 4; lastKnownFileType = sourcecode.swift; path = TaskTitleTableViewCell.swift; sourceTree = "<group>"; };
		04C2BD671E924B850064AADB /* AssignToTableViewCell.swift */ = {isa = PBXFileReference; fileEncoding = 4; lastKnownFileType = sourcecode.swift; path = AssignToTableViewCell.swift; sourceTree = "<group>"; };
		04C2BD691E924BD80064AADB /* DeleteTableViewCell.swift */ = {isa = PBXFileReference; fileEncoding = 4; lastKnownFileType = sourcecode.swift; path = DeleteTableViewCell.swift; sourceTree = "<group>"; };
		04C2BD6B1E924BF20064AADB /* TransactionByTableViewCell.swift */ = {isa = PBXFileReference; fileEncoding = 4; lastKnownFileType = sourcecode.swift; path = TransactionByTableViewCell.swift; sourceTree = "<group>"; };
		04C2BD6D1E924C0A0064AADB /* CategorySelectionCollectionViewCell.swift */ = {isa = PBXFileReference; fileEncoding = 4; lastKnownFileType = sourcecode.swift; path = CategorySelectionCollectionViewCell.swift; sourceTree = "<group>"; };
		2934FE7678E40F3CE3E45B2F /* Pods-FamilyBudgetApp.debug.xcconfig */ = {isa = PBXFileReference; includeInIndex = 1; lastKnownFileType = text.xcconfig; name = "Pods-FamilyBudgetApp.debug.xcconfig"; path = "Pods/Target Support Files/Pods-FamilyBudgetApp/Pods-FamilyBudgetApp.debug.xcconfig"; sourceTree = "<group>"; };
		7706A6C51E8717D80074CD60 /* iconFont.ttf */ = {isa = PBXFileReference; lastKnownFileType = file; path = iconFont.ttf; sourceTree = SOURCE_ROOT; };
		7706A6C61E8717D80074CD60 /* untitled-font-18.ttf */ = {isa = PBXFileReference; lastKnownFileType = file; path = "untitled-font-18.ttf"; sourceTree = SOURCE_ROOT; };
		7706A6C71E8717D80074CD60 /* untitled-font-25.ttf */ = {isa = PBXFileReference; lastKnownFileType = file; path = "untitled-font-25.ttf"; sourceTree = SOURCE_ROOT; };
		770B9DE91E5C687A005BCE46 /* GoogleService-Info.plist */ = {isa = PBXFileReference; fileEncoding = 4; lastKnownFileType = text.plist.xml; path = "GoogleService-Info.plist"; sourceTree = "<group>"; };
		773CC7021E92CD3F0046E90F /* UserSearchResultTableViewCell.swift */ = {isa = PBXFileReference; fileEncoding = 4; lastKnownFileType = sourcecode.swift; path = UserSearchResultTableViewCell.swift; sourceTree = "<group>"; };
		773CC7041E92F9F60046E90F /* MembersCollectionViewCell.swift */ = {isa = PBXFileReference; fileEncoding = 4; lastKnownFileType = sourcecode.swift; path = MembersCollectionViewCell.swift; sourceTree = "<group>"; };
		7742C7B21E57231C006A25AF /* FamilyBudgetApp.app */ = {isa = PBXFileReference; explicitFileType = wrapper.application; includeInIndex = 0; path = FamilyBudgetApp.app; sourceTree = BUILT_PRODUCTS_DIR; };
		7742C7B51E57231C006A25AF /* AppDelegate.swift */ = {isa = PBXFileReference; lastKnownFileType = sourcecode.swift; path = AppDelegate.swift; sourceTree = "<group>"; };
		7742C7B71E57231C006A25AF /* ViewController.swift */ = {isa = PBXFileReference; lastKnownFileType = sourcecode.swift; path = ViewController.swift; sourceTree = "<group>"; };
		7742C7BA1E57231C006A25AF /* Base */ = {isa = PBXFileReference; lastKnownFileType = file.storyboard; name = Base; path = Base.lproj/Main.storyboard; sourceTree = "<group>"; };
		7742C7BC1E57231C006A25AF /* Assets.xcassets */ = {isa = PBXFileReference; lastKnownFileType = folder.assetcatalog; path = Assets.xcassets; sourceTree = "<group>"; };
		7742C7BF1E57231C006A25AF /* Base */ = {isa = PBXFileReference; lastKnownFileType = file.storyboard; name = Base; path = Base.lproj/LaunchScreen.storyboard; sourceTree = "<group>"; };
		7742C7C11E57231C006A25AF /* Info.plist */ = {isa = PBXFileReference; lastKnownFileType = text.plist.xml; path = Info.plist; sourceTree = "<group>"; };
		774B0FDE1E8D2EBE00417457 /* Tutorials.storyboard */ = {isa = PBXFileReference; fileEncoding = 4; lastKnownFileType = file.storyboard; path = Tutorials.storyboard; sourceTree = "<group>"; };
		774B0FE01E8D30E000417457 /* TutorialViewController.swift */ = {isa = PBXFileReference; fileEncoding = 4; lastKnownFileType = sourcecode.swift; path = TutorialViewController.swift; sourceTree = "<group>"; };
		774DFABE1E8FA3070067010A /* DefaultCollectionViewCell.swift */ = {isa = PBXFileReference; fileEncoding = 4; lastKnownFileType = sourcecode.swift; path = DefaultCollectionViewCell.swift; sourceTree = "<group>"; };
		774F715E1E8A225500E1BCDC /* AddwalletViewController.swift */ = {isa = PBXFileReference; fileEncoding = 4; lastKnownFileType = sourcecode.swift; path = AddwalletViewController.swift; sourceTree = "<group>"; };
		775C29FB1E5B11AD00E409B6 /* Auth.swift */ = {isa = PBXFileReference; fileEncoding = 4; lastKnownFileType = sourcecode.swift; name = Auth.swift; path = FamilyBudgetApp/Auth.swift; sourceTree = SOURCE_ROOT; };
		775C29FC1E5B11AD00E409B6 /* Budget.swift */ = {isa = PBXFileReference; fileEncoding = 4; lastKnownFileType = sourcecode.swift; name = Budget.swift; path = FamilyBudgetApp/Budget.swift; sourceTree = SOURCE_ROOT; };
		775C29FD1E5B11AD00E409B6 /* BudgetManager.swift */ = {isa = PBXFileReference; fileEncoding = 4; lastKnownFileType = sourcecode.swift; name = BudgetManager.swift; path = FamilyBudgetApp/BudgetManager.swift; sourceTree = SOURCE_ROOT; };
		775C29FE1E5B11AD00E409B6 /* BudgetObserver.swift */ = {isa = PBXFileReference; fileEncoding = 4; lastKnownFileType = sourcecode.swift; name = BudgetObserver.swift; path = FamilyBudgetApp/BudgetObserver.swift; sourceTree = SOURCE_ROOT; };
		775C29FF1E5B11AD00E409B6 /* Delegate.swift */ = {isa = PBXFileReference; fileEncoding = 4; lastKnownFileType = sourcecode.swift; name = Delegate.swift; path = FamilyBudgetApp/Delegate.swift; sourceTree = SOURCE_ROOT; };
		775C2A001E5B11AD00E409B6 /* Notification.swift */ = {isa = PBXFileReference; fileEncoding = 4; lastKnownFileType = sourcecode.swift; name = Notification.swift; path = FamilyBudgetApp/Notification.swift; sourceTree = SOURCE_ROOT; };
		775C2A011E5B11AD00E409B6 /* NotificationManager.swift */ = {isa = PBXFileReference; fileEncoding = 4; lastKnownFileType = sourcecode.swift; name = NotificationManager.swift; path = FamilyBudgetApp/NotificationManager.swift; sourceTree = SOURCE_ROOT; };
		775C2A021E5B11AD00E409B6 /* NotificationObserver.swift */ = {isa = PBXFileReference; fileEncoding = 4; lastKnownFileType = sourcecode.swift; name = NotificationObserver.swift; path = FamilyBudgetApp/NotificationObserver.swift; sourceTree = SOURCE_ROOT; };
		775C2A031E5B11AD00E409B6 /* Resource.swift */ = {isa = PBXFileReference; fileEncoding = 4; lastKnownFileType = sourcecode.swift; name = Resource.swift; path = FamilyBudgetApp/Resource.swift; sourceTree = SOURCE_ROOT; };
		775C2A041E5B11AD00E409B6 /* Task.swift */ = {isa = PBXFileReference; fileEncoding = 4; lastKnownFileType = sourcecode.swift; name = Task.swift; path = FamilyBudgetApp/Task.swift; sourceTree = SOURCE_ROOT; };
		775C2A051E5B11AD00E409B6 /* TaskManager.swift */ = {isa = PBXFileReference; fileEncoding = 4; lastKnownFileType = sourcecode.swift; name = TaskManager.swift; path = FamilyBudgetApp/TaskManager.swift; sourceTree = SOURCE_ROOT; };
		775C2A061E5B11AD00E409B6 /* TaskObserver.swift */ = {isa = PBXFileReference; fileEncoding = 4; lastKnownFileType = sourcecode.swift; name = TaskObserver.swift; path = FamilyBudgetApp/TaskObserver.swift; sourceTree = SOURCE_ROOT; };
		775C2A071E5B11AD00E409B6 /* Transaction.swift */ = {isa = PBXFileReference; fileEncoding = 4; lastKnownFileType = sourcecode.swift; name = Transaction.swift; path = FamilyBudgetApp/Transaction.swift; sourceTree = SOURCE_ROOT; };
		775C2A081E5B11AD00E409B6 /* TransactionManager.swift */ = {isa = PBXFileReference; fileEncoding = 4; lastKnownFileType = sourcecode.swift; name = TransactionManager.swift; path = FamilyBudgetApp/TransactionManager.swift; sourceTree = SOURCE_ROOT; };
		775C2A091E5B11AD00E409B6 /* TransactionObserver.swift */ = {isa = PBXFileReference; fileEncoding = 4; lastKnownFileType = sourcecode.swift; name = TransactionObserver.swift; path = FamilyBudgetApp/TransactionObserver.swift; sourceTree = SOURCE_ROOT; };
		775C2A0A1E5B11AD00E409B6 /* User.swift */ = {isa = PBXFileReference; fileEncoding = 4; lastKnownFileType = sourcecode.swift; name = User.swift; path = FamilyBudgetApp/User.swift; sourceTree = SOURCE_ROOT; };
		775C2A0B1E5B11AD00E409B6 /* UserManager.swift */ = {isa = PBXFileReference; fileEncoding = 4; lastKnownFileType = sourcecode.swift; name = UserManager.swift; path = FamilyBudgetApp/UserManager.swift; sourceTree = SOURCE_ROOT; };
		775C2A0C1E5B11AD00E409B6 /* UserObserver.swift */ = {isa = PBXFileReference; fileEncoding = 4; lastKnownFileType = sourcecode.swift; name = UserObserver.swift; path = FamilyBudgetApp/UserObserver.swift; sourceTree = SOURCE_ROOT; };
		775C2A0D1E5B11AD00E409B6 /* Wallet.swift */ = {isa = PBXFileReference; fileEncoding = 4; lastKnownFileType = sourcecode.swift; name = Wallet.swift; path = FamilyBudgetApp/Wallet.swift; sourceTree = SOURCE_ROOT; };
		775C2A0E1E5B11AD00E409B6 /* WalletManager.swift */ = {isa = PBXFileReference; fileEncoding = 4; lastKnownFileType = sourcecode.swift; name = WalletManager.swift; path = FamilyBudgetApp/WalletManager.swift; sourceTree = SOURCE_ROOT; };
		775C2A0F1E5B11AD00E409B6 /* WalletObserver.swift */ = {isa = PBXFileReference; fileEncoding = 4; lastKnownFileType = sourcecode.swift; name = WalletObserver.swift; path = FamilyBudgetApp/WalletObserver.swift; sourceTree = SOURCE_ROOT; };
		775C2A251E5B173300E409B6 /* Assets.swift */ = {isa = PBXFileReference; fileEncoding = 4; lastKnownFileType = sourcecode.swift; name = Assets.swift; path = FamilyBudgetApp/Assets.swift; sourceTree = SOURCE_ROOT; };
		775C2A271E5B37BB00E409B6 /* HelperObserver.swift */ = {isa = PBXFileReference; fileEncoding = 4; lastKnownFileType = sourcecode.swift; path = HelperObserver.swift; sourceTree = SOURCE_ROOT; };
		777D02981E8A860000C682F2 /* WalletTableViewCell.swift */ = {isa = PBXFileReference; fileEncoding = 4; lastKnownFileType = sourcecode.swift; path = WalletTableViewCell.swift; sourceTree = "<group>"; };
		82FD07861EBF98F4004B907B /* Base */ = {isa = PBXFileReference; lastKnownFileType = file.storyboard; name = Base; path = Base.lproj/Zeeshan.storyboard; sourceTree = "<group>"; };
		82FE7A9B1EBF28480055EEC1 /* ChatViewController.swift */ = {isa = PBXFileReference; fileEncoding = 4; lastKnownFileType = sourcecode.swift; path = ChatViewController.swift; sourceTree = "<group>"; };
		8A8B1FA4EAEBCFC2910F799F /* Pods-FamilyBudgetApp.release.xcconfig */ = {isa = PBXFileReference; includeInIndex = 1; lastKnownFileType = text.xcconfig; name = "Pods-FamilyBudgetApp.release.xcconfig"; path = "Pods/Target Support Files/Pods-FamilyBudgetApp/Pods-FamilyBudgetApp.release.xcconfig"; sourceTree = "<group>"; };
		9318B11D07A064C5C75FCD97 /* Pods_FamilyBudgetApp.framework */ = {isa = PBXFileReference; explicitFileType = wrapper.framework; includeInIndex = 0; path = Pods_FamilyBudgetApp.framework; sourceTree = BUILT_PRODUCTS_DIR; };
/* End PBXFileReference section */

/* Begin PBXFrameworksBuildPhase section */
		7742C7AF1E57231C006A25AF /* Frameworks */ = {
			isa = PBXFrameworksBuildPhase;
			buildActionMask = 2147483647;
			files = (
				543F485DAE600F08C8532E77 /* Pods_FamilyBudgetApp.framework in Frameworks */,
			);
			runOnlyForDeploymentPostprocessing = 0;
		};
/* End PBXFrameworksBuildPhase section */

/* Begin PBXGroup section */
		045B3ABB1E98DAF30017C115 /* Task */ = {
			isa = PBXGroup;
			children = (
				04C2BD511E9247BF0064AADB /* AddTaskViewController.swift */,
				04845D261E93C77000BDA0FC /* TasksListViewController.swift */,
			);
			name = Task;
			sourceTree = "<group>";
		};
		44BB0B31E715C6598EB081CD /* Pods */ = {
			isa = PBXGroup;
			children = (
				2934FE7678E40F3CE3E45B2F /* Pods-FamilyBudgetApp.debug.xcconfig */,
				8A8B1FA4EAEBCFC2910F799F /* Pods-FamilyBudgetApp.release.xcconfig */,
			);
			name = Pods;
			sourceTree = "<group>";
		};
		773859511E90672A004BFBF2 /* StoryBoards */ = {
			isa = PBXGroup;
			children = (
				774B0FDE1E8D2EBE00417457 /* Tutorials.storyboard */,
				7742C7B91E57231C006A25AF /* Main.storyboard */,
			);
			name = StoryBoards;
			sourceTree = "<group>";
		};
		773859521E90673D004BFBF2 /* ViewControllers */ = {
			isa = PBXGroup;
			children = (
				82FE7A9A1EBF282C0055EEC1 /* Chat */,
				045B3ABB1E98DAF30017C115 /* Task */,
				773859541E90675E004BFBF2 /* Transaction */,
				773859531E906751004BFBF2 /* Login */,
				04343C041E5EBDC800417C91 /* HomeViewController.swift */,
				04C2BD6B1E924BF20064AADB /* TransactionByTableViewCell.swift */,
				04C2BD671E924B850064AADB /* AssignToTableViewCell.swift */,
				04C2BD6D1E924C0A0064AADB /* CategorySelectionCollectionViewCell.swift */,
				04C2BD691E924BD80064AADB /* DeleteTableViewCell.swift */,
				04C2BD651E924B780064AADB /* TaskTitleTableViewCell.swift */,
				04C2BD551E9247BF0064AADB /* TaskMembersCollectionViewCell.swift */,
			);
			name = ViewControllers;
			sourceTree = "<group>";
		};
		773859531E906751004BFBF2 /* Login */ = {
			isa = PBXGroup;
			children = (
				04343C021E5EBDB500417C91 /* RegisterViewController.swift */,
				044B713A1E81618200613ECA /* WalletSetupViewController.swift */,
				7742C7B71E57231C006A25AF /* ViewController.swift */,
			);
			name = Login;
			sourceTree = "<group>";
		};
		773859541E90675E004BFBF2 /* Transaction */ = {
			isa = PBXGroup;
			children = (
				04B0939B1E82803C003E26DE /* AddTransactionViewController.swift */,
				044B71401E81889A00613ECA /* TimelineViewController.swift */,
			);
			name = Transaction;
			sourceTree = "<group>";
		};
		773859551E906777004BFBF2 /* UISubClasses */ = {
			isa = PBXGroup;
			children = (
				04845D281E93C79C00BDA0FC /* TaskTableViewCell.swift */,
				774DFABE1E8FA3070067010A /* DefaultCollectionViewCell.swift */,
				777D02981E8A860000C682F2 /* WalletTableViewCell.swift */,
				773CC7021E92CD3F0046E90F /* UserSearchResultTableViewCell.swift */,
				04B093991E82801D003E26DE /* CommentsTableViewCell.swift */,
				044B71421E8188D600613ECA /* TimelineTableViewCell.swift */,
				04B093971E827FFE003E26DE /* CategoryTableViewCell.swift */,
				773CC7041E92F9F60046E90F /* MembersCollectionViewCell.swift */,
				04B093951E827F81003E26DE /* DefaultTableViewCell.swift */,
			);
			name = UISubClasses;
			sourceTree = "<group>";
		};
		7742C7A91E57231C006A25AF = {
			isa = PBXGroup;
			children = (
				7742C7B41E57231C006A25AF /* FamilyBudgetApp */,
				7742C7B31E57231C006A25AF /* Products */,
				44BB0B31E715C6598EB081CD /* Pods */,
				CB25BB70E7A28B1FDF8F5720 /* Frameworks */,
			);
			sourceTree = "<group>";
		};
		7742C7B31E57231C006A25AF /* Products */ = {
			isa = PBXGroup;
			children = (
				7742C7B21E57231C006A25AF /* FamilyBudgetApp.app */,
			);
			name = Products;
			sourceTree = "<group>";
		};
		7742C7B41E57231C006A25AF /* FamilyBudgetApp */ = {
			isa = PBXGroup;
			children = (
				7742C7B51E57231C006A25AF /* AppDelegate.swift */,
				773859551E906777004BFBF2 /* UISubClasses */,
				773859521E90673D004BFBF2 /* ViewControllers */,
				774F715E1E8A225500E1BCDC /* AddwalletViewController.swift */,
				773859511E90672A004BFBF2 /* StoryBoards */,
				7706A6C51E8717D80074CD60 /* iconFont.ttf */,
				7706A6C61E8717D80074CD60 /* untitled-font-18.ttf */,
				7706A6C71E8717D80074CD60 /* untitled-font-25.ttf */,
				774B0FE21E8D30E800417457 /* Tutorials */,
				7742C7BC1E57231C006A25AF /* Assets.xcassets */,
				770B9DE91E5C687A005BCE46 /* GoogleService-Info.plist */,
				7742C7BE1E57231C006A25AF /* LaunchScreen.storyboard */,
				7742C7E01E57236A006A25AF /* API */,
				7742C7C11E57231C006A25AF /* Info.plist */,
				049908FB1E7FE610008238F4 /* HuzaifaStroyboard.storyboard */,
				82FD07871EBF98F4004B907B /* Zeeshan.storyboard */,
				044B713E1E81764200613ECA /* WalletsCollectionViewCell.swift */,
			);
			path = FamilyBudgetApp;
			sourceTree = "<group>";
		};
		7742C7CE1E57236A006A25AF /* ObserverClasses */ = {
			isa = PBXGroup;
			children = (
				775C29FE1E5B11AD00E409B6 /* BudgetObserver.swift */,
				775C2A021E5B11AD00E409B6 /* NotificationObserver.swift */,
				775C2A061E5B11AD00E409B6 /* TaskObserver.swift */,
				775C2A271E5B37BB00E409B6 /* HelperObserver.swift */,
				775C2A091E5B11AD00E409B6 /* TransactionObserver.swift */,
				775C2A0C1E5B11AD00E409B6 /* UserObserver.swift */,
				775C2A0F1E5B11AD00E409B6 /* WalletObserver.swift */,
			);
			name = ObserverClasses;
			sourceTree = "<group>";
		};
		7742C7D51E57236A006A25AF /* ModelManagers */ = {
			isa = PBXGroup;
			children = (
				775C2A011E5B11AD00E409B6 /* NotificationManager.swift */,
				775C2A051E5B11AD00E409B6 /* TaskManager.swift */,
				775C2A081E5B11AD00E409B6 /* TransactionManager.swift */,
				775C2A0B1E5B11AD00E409B6 /* UserManager.swift */,
				775C2A0E1E5B11AD00E409B6 /* WalletManager.swift */,
				775C29FD1E5B11AD00E409B6 /* BudgetManager.swift */,
			);
			name = ModelManagers;
			sourceTree = "<group>";
		};
		7742C7DF1E57236A006A25AF /* Models */ = {
			isa = PBXGroup;
			children = (
				775C2A001E5B11AD00E409B6 /* Notification.swift */,
				775C29FC1E5B11AD00E409B6 /* Budget.swift */,
				775C2A041E5B11AD00E409B6 /* Task.swift */,
				775C2A071E5B11AD00E409B6 /* Transaction.swift */,
				775C2A0A1E5B11AD00E409B6 /* User.swift */,
				775C2A0D1E5B11AD00E409B6 /* Wallet.swift */,
			);
			name = Models;
			sourceTree = "<group>";
		};
		7742C7E01E57236A006A25AF /* API */ = {
			isa = PBXGroup;
			children = (
				775C29FB1E5B11AD00E409B6 /* Auth.swift */,
				775C29FF1E5B11AD00E409B6 /* Delegate.swift */,
				775C2A031E5B11AD00E409B6 /* Resource.swift */,
				775C2A251E5B173300E409B6 /* Assets.swift */,
				7742C7CE1E57236A006A25AF /* ObserverClasses */,
				7742C7D51E57236A006A25AF /* ModelManagers */,
				7742C7DF1E57236A006A25AF /* Models */,
			);
			name = API;
			path = ../../../../Users/Waqas/PenzyApp/Penzy/Penzy;
			sourceTree = "<group>";
		};
		774B0FE21E8D30E800417457 /* Tutorials */ = {
			isa = PBXGroup;
			children = (
				774B0FE01E8D30E000417457 /* TutorialViewController.swift */,
			);
			name = Tutorials;
			sourceTree = "<group>";
		};
		82FE7A9A1EBF282C0055EEC1 /* Chat */ = {
			isa = PBXGroup;
			children = (
				82FE7A9B1EBF28480055EEC1 /* ChatViewController.swift */,
			);
			name = Chat;
			sourceTree = "<group>";
		};
		CB25BB70E7A28B1FDF8F5720 /* Frameworks */ = {
			isa = PBXGroup;
			children = (
				9318B11D07A064C5C75FCD97 /* Pods_FamilyBudgetApp.framework */,
			);
			name = Frameworks;
			sourceTree = "<group>";
		};
/* End PBXGroup section */

/* Begin PBXNativeTarget section */
		7742C7B11E57231C006A25AF /* FamilyBudgetApp */ = {
			isa = PBXNativeTarget;
			buildConfigurationList = 7742C7C41E57231C006A25AF /* Build configuration list for PBXNativeTarget "FamilyBudgetApp" */;
			buildPhases = (
				E617E3DBDB8C0DD19DBCC4D7 /* [CP] Check Pods Manifest.lock */,
				7742C7AE1E57231C006A25AF /* Sources */,
				7742C7AF1E57231C006A25AF /* Frameworks */,
				7742C7B01E57231C006A25AF /* Resources */,
				C50094AD8A76FF1F777037E9 /* [CP] Embed Pods Frameworks */,
				B6E2E00B91913D1FAA85550B /* [CP] Copy Pods Resources */,
			);
			buildRules = (
			);
			dependencies = (
			);
			name = FamilyBudgetApp;
			productName = FamilyBudgetApp;
			productReference = 7742C7B21E57231C006A25AF /* FamilyBudgetApp.app */;
			productType = "com.apple.product-type.application";
		};
/* End PBXNativeTarget section */

/* Begin PBXProject section */
		7742C7AA1E57231C006A25AF /* Project object */ = {
			isa = PBXProject;
			attributes = {
				LastSwiftUpdateCheck = 0820;
				LastUpgradeCheck = 0820;
				ORGANIZATIONNAME = Technollage;
				TargetAttributes = {
					7742C7B11E57231C006A25AF = {
						CreatedOnToolsVersion = 8.2.1;
						DevelopmentTeam = M9MSRMULXS;
						LastSwiftMigration = 0820;
						ProvisioningStyle = Automatic;
					};
				};
			};
			buildConfigurationList = 7742C7AD1E57231C006A25AF /* Build configuration list for PBXProject "FamilyBudgetApp" */;
			compatibilityVersion = "Xcode 3.2";
			developmentRegion = English;
			hasScannedForEncodings = 0;
			knownRegions = (
				en,
				Base,
			);
			mainGroup = 7742C7A91E57231C006A25AF;
			productRefGroup = 7742C7B31E57231C006A25AF /* Products */;
			projectDirPath = "";
			projectRoot = "";
			targets = (
				7742C7B11E57231C006A25AF /* FamilyBudgetApp */,
			);
		};
/* End PBXProject section */

/* Begin PBXResourcesBuildPhase section */
		7742C7B01E57231C006A25AF /* Resources */ = {
			isa = PBXResourcesBuildPhase;
			buildActionMask = 2147483647;
			files = (
				7742C7C01E57231C006A25AF /* LaunchScreen.storyboard in Resources */,
				7706A6CA1E8717D80074CD60 /* untitled-font-25.ttf in Resources */,
				774B0FDF1E8D2EBE00417457 /* Tutorials.storyboard in Resources */,
				82FD07851EBF98F4004B907B /* Zeeshan.storyboard in Resources */,
				770B9DEA1E5C687A005BCE46 /* GoogleService-Info.plist in Resources */,
				7706A6C81E8717D80074CD60 /* iconFont.ttf in Resources */,
				7706A6C91E8717D80074CD60 /* untitled-font-18.ttf in Resources */,
				7742C7BD1E57231C006A25AF /* Assets.xcassets in Resources */,
				049908FC1E7FE610008238F4 /* HuzaifaStroyboard.storyboard in Resources */,
				7742C7BB1E57231C006A25AF /* Main.storyboard in Resources */,
			);
			runOnlyForDeploymentPostprocessing = 0;
		};
/* End PBXResourcesBuildPhase section */

/* Begin PBXShellScriptBuildPhase section */
		B6E2E00B91913D1FAA85550B /* [CP] Copy Pods Resources */ = {
			isa = PBXShellScriptBuildPhase;
			buildActionMask = 2147483647;
			files = (
			);
			inputPaths = (
			);
			name = "[CP] Copy Pods Resources";
			outputPaths = (
			);
			runOnlyForDeploymentPostprocessing = 0;
			shellPath = /bin/sh;
			shellScript = "\"${SRCROOT}/Pods/Target Support Files/Pods-FamilyBudgetApp/Pods-FamilyBudgetApp-resources.sh\"\n";
			showEnvVarsInLog = 0;
		};
		C50094AD8A76FF1F777037E9 /* [CP] Embed Pods Frameworks */ = {
			isa = PBXShellScriptBuildPhase;
			buildActionMask = 2147483647;
			files = (
			);
			inputPaths = (
			);
			name = "[CP] Embed Pods Frameworks";
			outputPaths = (
			);
			runOnlyForDeploymentPostprocessing = 0;
			shellPath = /bin/sh;
			shellScript = "\"${SRCROOT}/Pods/Target Support Files/Pods-FamilyBudgetApp/Pods-FamilyBudgetApp-frameworks.sh\"\n";
			showEnvVarsInLog = 0;
		};
		E617E3DBDB8C0DD19DBCC4D7 /* [CP] Check Pods Manifest.lock */ = {
			isa = PBXShellScriptBuildPhase;
			buildActionMask = 2147483647;
			files = (
			);
			inputPaths = (
			);
			name = "[CP] Check Pods Manifest.lock";
			outputPaths = (
			);
			runOnlyForDeploymentPostprocessing = 0;
			shellPath = /bin/sh;
			shellScript = "diff \"${PODS_PODFILE_DIR_PATH}/Podfile.lock\" \"${PODS_ROOT}/Manifest.lock\" > /dev/null\nif [ $? != 0 ] ; then\n    # print error to STDERR\n    echo \"error: The sandbox is not in sync with the Podfile.lock. Run 'pod install' or update your CocoaPods installation.\" >&2\n    exit 1\nfi\n";
			showEnvVarsInLog = 0;
		};
/* End PBXShellScriptBuildPhase section */

/* Begin PBXSourcesBuildPhase section */
		7742C7AE1E57231C006A25AF /* Sources */ = {
			isa = PBXSourcesBuildPhase;
			buildActionMask = 2147483647;
			files = (
				046DCDAC1E8AA1DF00A3BC15 /* (null) in Sources */,
				04C2BD6E1E924C0A0064AADB /* CategorySelectionCollectionViewCell.swift in Sources */,
				773CC7051E92F9F60046E90F /* MembersCollectionViewCell.swift in Sources */,
				777D02991E8A860000C682F2 /* WalletTableViewCell.swift in Sources */,
				775C2A241E5B11AD00E409B6 /* WalletObserver.swift in Sources */,
				04845D271E93C77000BDA0FC /* TasksListViewController.swift in Sources */,
				774DFABF1E8FA3070067010A /* DefaultCollectionViewCell.swift in Sources */,
				773CC7031E92CD3F0046E90F /* UserSearchResultTableViewCell.swift in Sources */,
				04B0939C1E82803C003E26DE /* AddTransactionViewController.swift in Sources */,
				775C2A181E5B11AD00E409B6 /* Resource.swift in Sources */,
				82FE7A9C1EBF28480055EEC1 /* ChatViewController.swift in Sources */,
				775C2A261E5B173300E409B6 /* Assets.swift in Sources */,
				04C2BD661E924B780064AADB /* TaskTitleTableViewCell.swift in Sources */,
				775C2A281E5B37BB00E409B6 /* HelperObserver.swift in Sources */,
				775C2A171E5B11AD00E409B6 /* NotificationObserver.swift in Sources */,
				04C2BD611E9247BF0064AADB /* (null) in Sources */,
				775C2A221E5B11AD00E409B6 /* Wallet.swift in Sources */,
				04C2BD631E9247BF0064AADB /* (null) in Sources */,
				775C2A1C1E5B11AD00E409B6 /* Transaction.swift in Sources */,
				04B0939A1E82801D003E26DE /* CommentsTableViewCell.swift in Sources */,
				04B093961E827F81003E26DE /* DefaultTableViewCell.swift in Sources */,
				775C2A101E5B11AD00E409B6 /* Auth.swift in Sources */,
				775C2A1D1E5B11AD00E409B6 /* TransactionManager.swift in Sources */,
				775C2A1A1E5B11AD00E409B6 /* TaskManager.swift in Sources */,
				04C2BD6A1E924BD80064AADB /* DeleteTableViewCell.swift in Sources */,
				775C2A201E5B11AD00E409B6 /* UserManager.swift in Sources */,
				775C2A131E5B11AD00E409B6 /* BudgetObserver.swift in Sources */,
				775C2A121E5B11AD00E409B6 /* BudgetManager.swift in Sources */,
				775C2A1E1E5B11AD00E409B6 /* TransactionObserver.swift in Sources */,
				04343C051E5EBDC800417C91 /* HomeViewController.swift in Sources */,
				044B71431E8188D600613ECA /* TimelineTableViewCell.swift in Sources */,
				775C2A141E5B11AD00E409B6 /* Delegate.swift in Sources */,
				775C2A231E5B11AD00E409B6 /* WalletManager.swift in Sources */,
				774F71621E8A225500E1BCDC /* AddwalletViewController.swift in Sources */,
				7742C7B81E57231C006A25AF /* ViewController.swift in Sources */,
				04C2BD6C1E924BF20064AADB /* TransactionByTableViewCell.swift in Sources */,
				04845D291E93C79C00BDA0FC /* TaskTableViewCell.swift in Sources */,
				044B713F1E81764200613ECA /* WalletsCollectionViewCell.swift in Sources */,
				044B71411E81889A00613ECA /* TimelineViewController.swift in Sources */,
				774B0FE11E8D30E000417457 /* TutorialViewController.swift in Sources */,
				775C2A1F1E5B11AD00E409B6 /* User.swift in Sources */,
				04B093981E827FFE003E26DE /* CategoryTableViewCell.swift in Sources */,
				775C2A211E5B11AD00E409B6 /* UserObserver.swift in Sources */,
				775C2A161E5B11AD00E409B6 /* NotificationManager.swift in Sources */,
				7742C7B61E57231C006A25AF /* AppDelegate.swift in Sources */,
				775C2A111E5B11AD00E409B6 /* Budget.swift in Sources */,
				775C2A151E5B11AD00E409B6 /* Notification.swift in Sources */,
				04C2BD5B1E9247BF0064AADB /* AddTaskViewController.swift in Sources */,
				04343C031E5EBDB500417C91 /* RegisterViewController.swift in Sources */,
				775C2A1B1E5B11AD00E409B6 /* TaskObserver.swift in Sources */,
				04C2BD5F1E9247BF0064AADB /* TaskMembersCollectionViewCell.swift in Sources */,
				04C2BD681E924B850064AADB /* AssignToTableViewCell.swift in Sources */,
				775C2A191E5B11AD00E409B6 /* Task.swift in Sources */,
				044B713B1E81618200613ECA /* WalletSetupViewController.swift in Sources */,
			);
			runOnlyForDeploymentPostprocessing = 0;
		};
/* End PBXSourcesBuildPhase section */

/* Begin PBXVariantGroup section */
		7742C7B91E57231C006A25AF /* Main.storyboard */ = {
			isa = PBXVariantGroup;
			children = (
				7742C7BA1E57231C006A25AF /* Base */,
			);
			name = Main.storyboard;
			sourceTree = "<group>";
		};
		7742C7BE1E57231C006A25AF /* LaunchScreen.storyboard */ = {
			isa = PBXVariantGroup;
			children = (
				7742C7BF1E57231C006A25AF /* Base */,
			);
			name = LaunchScreen.storyboard;
			sourceTree = "<group>";
		};
		82FD07871EBF98F4004B907B /* Zeeshan.storyboard */ = {
			isa = PBXVariantGroup;
			children = (
				82FD07861EBF98F4004B907B /* Base */,
			);
			name = Zeeshan.storyboard;
			sourceTree = "<group>";
		};
/* End PBXVariantGroup section */

/* Begin XCBuildConfiguration section */
		7742C7C21E57231C006A25AF /* Debug */ = {
			isa = XCBuildConfiguration;
			buildSettings = {
				ALWAYS_SEARCH_USER_PATHS = NO;
				CLANG_ANALYZER_NONNULL = YES;
				CLANG_CXX_LANGUAGE_STANDARD = "gnu++0x";
				CLANG_CXX_LIBRARY = "libc++";
				CLANG_ENABLE_MODULES = YES;
				CLANG_ENABLE_OBJC_ARC = YES;
				CLANG_WARN_BOOL_CONVERSION = YES;
				CLANG_WARN_CONSTANT_CONVERSION = YES;
				CLANG_WARN_DIRECT_OBJC_ISA_USAGE = YES_ERROR;
				CLANG_WARN_DOCUMENTATION_COMMENTS = YES;
				CLANG_WARN_EMPTY_BODY = YES;
				CLANG_WARN_ENUM_CONVERSION = YES;
				CLANG_WARN_INFINITE_RECURSION = YES;
				CLANG_WARN_INT_CONVERSION = YES;
				CLANG_WARN_OBJC_ROOT_CLASS = YES_ERROR;
				CLANG_WARN_SUSPICIOUS_MOVE = YES;
				CLANG_WARN_UNREACHABLE_CODE = YES;
				CLANG_WARN__DUPLICATE_METHOD_MATCH = YES;
				"CODE_SIGN_IDENTITY[sdk=iphoneos*]" = "iPhone Developer";
				COPY_PHASE_STRIP = NO;
				DEBUG_INFORMATION_FORMAT = dwarf;
				ENABLE_STRICT_OBJC_MSGSEND = YES;
				ENABLE_TESTABILITY = YES;
				GCC_C_LANGUAGE_STANDARD = gnu99;
				GCC_DYNAMIC_NO_PIC = NO;
				GCC_NO_COMMON_BLOCKS = YES;
				GCC_OPTIMIZATION_LEVEL = 0;
				GCC_PREPROCESSOR_DEFINITIONS = (
					"DEBUG=1",
					"$(inherited)",
				);
				GCC_WARN_64_TO_32_BIT_CONVERSION = YES;
				GCC_WARN_ABOUT_RETURN_TYPE = YES_ERROR;
				GCC_WARN_UNDECLARED_SELECTOR = YES;
				GCC_WARN_UNINITIALIZED_AUTOS = YES_AGGRESSIVE;
				GCC_WARN_UNUSED_FUNCTION = YES;
				GCC_WARN_UNUSED_VARIABLE = YES;
				IPHONEOS_DEPLOYMENT_TARGET = 10.2;
				MTL_ENABLE_DEBUG_INFO = YES;
				ONLY_ACTIVE_ARCH = YES;
				SDKROOT = iphoneos;
				SWIFT_ACTIVE_COMPILATION_CONDITIONS = DEBUG;
				SWIFT_OPTIMIZATION_LEVEL = "-Onone";
			};
			name = Debug;
		};
		7742C7C31E57231C006A25AF /* Release */ = {
			isa = XCBuildConfiguration;
			buildSettings = {
				ALWAYS_SEARCH_USER_PATHS = NO;
				CLANG_ANALYZER_NONNULL = YES;
				CLANG_CXX_LANGUAGE_STANDARD = "gnu++0x";
				CLANG_CXX_LIBRARY = "libc++";
				CLANG_ENABLE_MODULES = YES;
				CLANG_ENABLE_OBJC_ARC = YES;
				CLANG_WARN_BOOL_CONVERSION = YES;
				CLANG_WARN_CONSTANT_CONVERSION = YES;
				CLANG_WARN_DIRECT_OBJC_ISA_USAGE = YES_ERROR;
				CLANG_WARN_DOCUMENTATION_COMMENTS = YES;
				CLANG_WARN_EMPTY_BODY = YES;
				CLANG_WARN_ENUM_CONVERSION = YES;
				CLANG_WARN_INFINITE_RECURSION = YES;
				CLANG_WARN_INT_CONVERSION = YES;
				CLANG_WARN_OBJC_ROOT_CLASS = YES_ERROR;
				CLANG_WARN_SUSPICIOUS_MOVE = YES;
				CLANG_WARN_UNREACHABLE_CODE = YES;
				CLANG_WARN__DUPLICATE_METHOD_MATCH = YES;
				"CODE_SIGN_IDENTITY[sdk=iphoneos*]" = "iPhone Developer";
				COPY_PHASE_STRIP = NO;
				DEBUG_INFORMATION_FORMAT = "dwarf-with-dsym";
				ENABLE_NS_ASSERTIONS = NO;
				ENABLE_STRICT_OBJC_MSGSEND = YES;
				GCC_C_LANGUAGE_STANDARD = gnu99;
				GCC_NO_COMMON_BLOCKS = YES;
				GCC_WARN_64_TO_32_BIT_CONVERSION = YES;
				GCC_WARN_ABOUT_RETURN_TYPE = YES_ERROR;
				GCC_WARN_UNDECLARED_SELECTOR = YES;
				GCC_WARN_UNINITIALIZED_AUTOS = YES_AGGRESSIVE;
				GCC_WARN_UNUSED_FUNCTION = YES;
				GCC_WARN_UNUSED_VARIABLE = YES;
				IPHONEOS_DEPLOYMENT_TARGET = 10.2;
				MTL_ENABLE_DEBUG_INFO = NO;
				SDKROOT = iphoneos;
				SWIFT_OPTIMIZATION_LEVEL = "-Owholemodule";
				VALIDATE_PRODUCT = YES;
			};
			name = Release;
		};
		7742C7C51E57231C006A25AF /* Debug */ = {
			isa = XCBuildConfiguration;
			baseConfigurationReference = 2934FE7678E40F3CE3E45B2F /* Pods-FamilyBudgetApp.debug.xcconfig */;
			buildSettings = {
				ASSETCATALOG_COMPILER_APPICON_NAME = AppIcon;
				DEVELOPMENT_TEAM = M9MSRMULXS;
				INFOPLIST_FILE = FamilyBudgetApp/Info.plist;
				LD_RUNPATH_SEARCH_PATHS = "$(inherited) @executable_path/Frameworks";
				PRODUCT_BUNDLE_IDENTIFIER = com.uitfyp.FamilyBudgetApp;
				PRODUCT_NAME = "$(TARGET_NAME)";
				SWIFT_VERSION = 3.0;
			};
			name = Debug;
		};
		7742C7C61E57231C006A25AF /* Release */ = {
			isa = XCBuildConfiguration;
			baseConfigurationReference = 8A8B1FA4EAEBCFC2910F799F /* Pods-FamilyBudgetApp.release.xcconfig */;
			buildSettings = {
				ASSETCATALOG_COMPILER_APPICON_NAME = AppIcon;
				DEVELOPMENT_TEAM = M9MSRMULXS;
				INFOPLIST_FILE = FamilyBudgetApp/Info.plist;
				LD_RUNPATH_SEARCH_PATHS = "$(inherited) @executable_path/Frameworks";
				PRODUCT_BUNDLE_IDENTIFIER = com.uitfyp.FamilyBudgetApp;
				PRODUCT_NAME = "$(TARGET_NAME)";
				SWIFT_VERSION = 3.0;
			};
			name = Release;
		};
/* End XCBuildConfiguration section */

/* Begin XCConfigurationList section */
		7742C7AD1E57231C006A25AF /* Build configuration list for PBXProject "FamilyBudgetApp" */ = {
			isa = XCConfigurationList;
			buildConfigurations = (
				7742C7C21E57231C006A25AF /* Debug */,
				7742C7C31E57231C006A25AF /* Release */,
			);
			defaultConfigurationIsVisible = 0;
			defaultConfigurationName = Release;
		};
		7742C7C41E57231C006A25AF /* Build configuration list for PBXNativeTarget "FamilyBudgetApp" */ = {
			isa = XCConfigurationList;
			buildConfigurations = (
				7742C7C51E57231C006A25AF /* Debug */,
				7742C7C61E57231C006A25AF /* Release */,
			);
			defaultConfigurationIsVisible = 0;
			defaultConfigurationName = Release;
		};
/* End XCConfigurationList section */
	};
	rootObject = 7742C7AA1E57231C006A25AF /* Project object */;
}
